{
  "requires": true,
  "lockfileVersion": 1,
  "dependencies": {
    "boostrap": {
      "version": "2.0.0",
      "resolved": "https://registry.npmjs.org/boostrap/-/boostrap-2.0.0.tgz",
      "integrity": "sha512-JEeFMOweKeGXEM9rt95eaVISOkluG9aKcl0jQCETOVH9jynCZxuBZe2oWgcWJpj5wqYWZl625SnW7OgHT2Ineg=="
    }
  }
}
