# THIS IS AN AUTOGENERATED FILE. DO NOT EDIT THIS FILE DIRECTLY.
# yarn lockfile v1


"@prettier/plugin-ruby@^3.2.2":
  version "3.2.2"
  resolved "https://registry.yarnpkg.com/@prettier/plugin-ruby/-/plugin-ruby-3.2.2.tgz#43c9d85349032f74d34c4f57e6a77487d5c5bdc1"
  integrity sha512-Vc7jVE39Fgswl517ET4kPtpnoRWE6XTi1Sivd84rZyomYnHYUmvUsEeoOf6tVhzTuIXE5XVQB1YCG2hulrwR3Q==
  dependencies:
    prettier ">=2.3.0"

prettier-html-templates@^0.1.0:
  version "0.1.0"
  resolved "https://registry.yarnpkg.com/prettier-html-templates/-/prettier-html-templates-0.1.0.tgz#dfa12bd71c032e3b796e8c645210c5614403575d"
  integrity sha512-KdLveYzO2kJLiwUAebd5UFeKP8h3OqFhOiLbkgeIuS1WNoCRTyxW4KuyGfbh3F+Rp/2A6mipRxCq2zPi+//pmg==

prettier-plugin-erb@^0.4.0:
  version "0.4.0"
  resolved "https://registry.yarnpkg.com/prettier-plugin-erb/-/prettier-plugin-erb-0.4.0.tgz#5a2a86e02c6360481187aaadd165bc598eda4412"
  integrity sha512-5RAdvT5BBf29hfC8GmqiMRFiD5g4BZGZDERZHvM5ouOor2TVT0jM0ntmCzFpS2Q32OkUAGFYsRxXDoYscvToXA==
  dependencies:
    prettier-html-templates "^0.1.0"

prettier@>=2.3.0, prettier@^2.8.0:
  version "2.8.0"
  resolved "https://registry.yarnpkg.com/prettier/-/prettier-2.8.0.tgz#c7df58393c9ba77d6fba3921ae01faf994fb9dc9"
  integrity sha512-9Lmg8hTFZKG0Asr/kW9Bp8tJjRVluO8EJQVfY2T7FMw9T5jy4I/Uvx0Rca/XWf50QQ1/SS48+6IJWnrb+2yemA==
